
Microsoft Visual Studio Solution File, Format Version 12.00
# Visual Studio Version 17
VisualStudioVersion = 17.2.32630.192
MinimumVisualStudioVersion = 10.0.40219.1
Project("{FAE04EC0-301F-11D3-BF4B-00C04F79EFBC}") = "MicroServices01", "MicroServices01\MicroServices01.csproj", "{C49F91AF-62E1-409A-846C-20519A2B32B4}"
EndProject
Project("{FAE04EC0-301F-11D3-BF4B-00C04F79EFBC}") = "MicroServices01.Tests", "MicroServices01.Tests\MicroServices01.Tests.csproj", "{BF55CB25-8329-43E0-8FC3-CC964A92C8F4}"
EndProject
Global
	GlobalSection(SolutionConfigurationPlatforms) = preSolution
		Debug|Any CPU = Debug|Any CPU
		Release|Any CPU = Release|Any CPU
	EndGlobalSection
	GlobalSection(ProjectConfigurationPlatforms) = postSolution
		{C49F91AF-62E1-409A-846C-20519A2B32B4}.Debug|Any CPU.ActiveCfg = Debug|Any CPU
		{C49F91AF-62E1-409A-846C-20519A2B32B4}.Debug|Any CPU.Build.0 = Debug|Any CPU
		{C49F91AF-62E1-409A-846C-20519A2B32B4}.Release|Any CPU.ActiveCfg = Release|Any CPU
		{C49F91AF-62E1-409A-846C-20519A2B32B4}.Release|Any CPU.Build.0 = Release|Any CPU
		{BF55CB25-8329-43E0-8FC3-CC964A92C8F4}.Debug|Any CPU.ActiveCfg = Debug|Any CPU
		{BF55CB25-8329-43E0-8FC3-CC964A92C8F4}.Debug|Any CPU.Build.0 = Debug|Any CPU
		{BF55CB25-8329-43E0-8FC3-CC964A92C8F4}.Release|Any CPU.ActiveCfg = Release|Any CPU
		{BF55CB25-8329-43E0-8FC3-CC964A92C8F4}.Release|Any CPU.Build.0 = Release|Any CPU
	EndGlobalSection
	GlobalSection(SolutionProperties) = preSolution
		HideSolutionNode = FALSE
	EndGlobalSection
	GlobalSection(ExtensibilityGlobals) = postSolution
		SolutionGuid = {BF279E51-6CB3-4604-9C3B-21A2B32C2CF9}
	EndGlobalSection
EndGlobal
